
Microsoft Visual Studio Solution File, Format Version 12.00
# Visual Studio Version 16
VisualStudioVersion = 16.0.29519.181
MinimumVisualStudioVersion = 10.0.40219.1
Project("{9A19103F-16F7-4668-BE54-9A1E7A4F7556}") = "WebApi", "WebApi-boilerplate\WebApi.csproj", "{8E42B0BE-CF26-4A5F-92FD-62F22E2F73BC}"
EndProject
Project("{9A19103F-16F7-4668-BE54-9A1E7A4F7556}") = "Constants", "Constants\Constants.csproj", "{1786F110-825A-44B6-B4E1-858DE5D01141}"
EndProject
Project("{9A19103F-16F7-4668-BE54-9A1E7A4F7556}") = "Diagnostics", "Diagnostics\Diagnostics.csproj", "{527F365B-61E1-4199-86BE-6A30AE5A20B5}"
EndProject
Project("{9A19103F-16F7-4668-BE54-9A1E7A4F7556}") = "Extensions", "Extensions\Extensions.csproj", "{CB51594B-70AD-4A71-A8DE-8F72F65BFD0B}"
EndProject
Project("{9A19103F-16F7-4668-BE54-9A1E7A4F7556}") = "Cache", "Cache\Cache.csproj", "{5D29C16C-6309-4C79-A963-C2DE2683155B}"
EndProject
Project("{9A19103F-16F7-4668-BE54-9A1E7A4F7556}") = "Configurations", "Configurations\Configurations.csproj", "{A8EDA438-EA5E-4F17-BFBA-B00A81D25A57}"
EndProject
Project("{9A19103F-16F7-4668-BE54-9A1E7A4F7556}") = "Databases", "Databases\Databases.csproj", "{D7470B34-1C82-431C-BD72-B4A1B442C91D}"
EndProject
Project("{9A19103F-16F7-4668-BE54-9A1E7A4F7556}") = "Entities", "Entities\Entities.csproj", "{E801C4F8-6F04-4C3C-B8C0-EE30402E2EF7}"
EndProject
Project("{9A19103F-16F7-4668-BE54-9A1E7A4F7556}") = "HttpServices", "HttpServices\HttpServices.csproj", "{808B2B32-07F4-427D-8F92-6C972F5C3025}"
EndProject
Project("{9A19103F-16F7-4668-BE54-9A1E7A4F7556}") = "Queues", "Queues\Queues.csproj", "{02E38383-F664-499C-B824-733EB0C93C7C}"
EndProject
Project("{9A19103F-16F7-4668-BE54-9A1E7A4F7556}") = "Sales", "Sales\Sales.csproj", "{847DC40A-7ACF-4549-8EDC-CCA62AEB0E34}"
EndProject
Project("{2150E333-8FDC-42A3-9474-1A3956D46DE8}") = "0. Infrastructure", "0. Infrastructure", "{8D09C2EC-7C73-4565-A6AD-BFFEB6C60D83}"
EndProject
Project("{2150E333-8FDC-42A3-9474-1A3956D46DE8}") = "1. DataAccess", "1. DataAccess", "{E5AF9B17-4562-4082-B6EA-C41F9FC90500}"
EndProject
Project("{2150E333-8FDC-42A3-9474-1A3956D46DE8}") = "2. Domain", "2. Domain", "{21305442-94DE-4C3E-A7CC-122DD0ECF12F}"
EndProject
Project("{2150E333-8FDC-42A3-9474-1A3956D46DE8}") = "4. Application", "4. Application", "{57A1012C-38F2-461D-B1AB-B3121E06A87F}"
EndProject
Project("{2150E333-8FDC-42A3-9474-1A3956D46DE8}") = "5. Tests", "5. Tests", "{C902061E-5369-45E0-B119-D09918725F1B}"
EndProject
Project("{FAE04EC0-301F-11D3-BF4B-00C04F79EFBC}") = "Integrations", "Integrations\Integrations.csproj", "{5D7C81BB-B760-4FDC-B0BA-892D8DC2297D}"
EndProject
Global
	GlobalSection(SolutionConfigurationPlatforms) = preSolution
		Debug|Any CPU = Debug|Any CPU
		Release|Any CPU = Release|Any CPU
	EndGlobalSection
	GlobalSection(ProjectConfigurationPlatforms) = postSolution
		{8E42B0BE-CF26-4A5F-92FD-62F22E2F73BC}.Debug|Any CPU.ActiveCfg = Debug|Any CPU
		{8E42B0BE-CF26-4A5F-92FD-62F22E2F73BC}.Debug|Any CPU.Build.0 = Debug|Any CPU
		{8E42B0BE-CF26-4A5F-92FD-62F22E2F73BC}.Release|Any CPU.ActiveCfg = Release|Any CPU
		{8E42B0BE-CF26-4A5F-92FD-62F22E2F73BC}.Release|Any CPU.Build.0 = Release|Any CPU
		{1786F110-825A-44B6-B4E1-858DE5D01141}.Debug|Any CPU.ActiveCfg = Debug|Any CPU
		{1786F110-825A-44B6-B4E1-858DE5D01141}.Debug|Any CPU.Build.0 = Debug|Any CPU
		{1786F110-825A-44B6-B4E1-858DE5D01141}.Release|Any CPU.ActiveCfg = Release|Any CPU
		{1786F110-825A-44B6-B4E1-858DE5D01141}.Release|Any CPU.Build.0 = Release|Any CPU
		{527F365B-61E1-4199-86BE-6A30AE5A20B5}.Debug|Any CPU.ActiveCfg = Debug|Any CPU
		{527F365B-61E1-4199-86BE-6A30AE5A20B5}.Debug|Any CPU.Build.0 = Debug|Any CPU
		{527F365B-61E1-4199-86BE-6A30AE5A20B5}.Release|Any CPU.ActiveCfg = Release|Any CPU
		{527F365B-61E1-4199-86BE-6A30AE5A20B5}.Release|Any CPU.Build.0 = Release|Any CPU
		{CB51594B-70AD-4A71-A8DE-8F72F65BFD0B}.Debug|Any CPU.ActiveCfg = Debug|Any CPU
		{CB51594B-70AD-4A71-A8DE-8F72F65BFD0B}.Debug|Any CPU.Build.0 = Debug|Any CPU
		{CB51594B-70AD-4A71-A8DE-8F72F65BFD0B}.Release|Any CPU.ActiveCfg = Release|Any CPU
		{CB51594B-70AD-4A71-A8DE-8F72F65BFD0B}.Release|Any CPU.Build.0 = Release|Any CPU
		{5D29C16C-6309-4C79-A963-C2DE2683155B}.Debug|Any CPU.ActiveCfg = Debug|Any CPU
		{5D29C16C-6309-4C79-A963-C2DE2683155B}.Debug|Any CPU.Build.0 = Debug|Any CPU
		{5D29C16C-6309-4C79-A963-C2DE2683155B}.Release|Any CPU.ActiveCfg = Release|Any CPU
		{5D29C16C-6309-4C79-A963-C2DE2683155B}.Release|Any CPU.Build.0 = Release|Any CPU
		{A8EDA438-EA5E-4F17-BFBA-B00A81D25A57}.Debug|Any CPU.ActiveCfg = Debug|Any CPU
		{A8EDA438-EA5E-4F17-BFBA-B00A81D25A57}.Debug|Any CPU.Build.0 = Debug|Any CPU
		{A8EDA438-EA5E-4F17-BFBA-B00A81D25A57}.Release|Any CPU.ActiveCfg = Release|Any CPU
		{A8EDA438-EA5E-4F17-BFBA-B00A81D25A57}.Release|Any CPU.Build.0 = Release|Any CPU
		{D7470B34-1C82-431C-BD72-B4A1B442C91D}.Debug|Any CPU.ActiveCfg = Debug|Any CPU
		{D7470B34-1C82-431C-BD72-B4A1B442C91D}.Debug|Any CPU.Build.0 = Debug|Any CPU
		{D7470B34-1C82-431C-BD72-B4A1B442C91D}.Release|Any CPU.ActiveCfg = Release|Any CPU
		{D7470B34-1C82-431C-BD72-B4A1B442C91D}.Release|Any CPU.Build.0 = Release|Any CPU
		{E801C4F8-6F04-4C3C-B8C0-EE30402E2EF7}.Debug|Any CPU.ActiveCfg = Debug|Any CPU
		{E801C4F8-6F04-4C3C-B8C0-EE30402E2EF7}.Debug|Any CPU.Build.0 = Debug|Any CPU
		{E801C4F8-6F04-4C3C-B8C0-EE30402E2EF7}.Release|Any CPU.ActiveCfg = Release|Any CPU
		{E801C4F8-6F04-4C3C-B8C0-EE30402E2EF7}.Release|Any CPU.Build.0 = Release|Any CPU
		{808B2B32-07F4-427D-8F92-6C972F5C3025}.Debug|Any CPU.ActiveCfg = Debug|Any CPU
		{808B2B32-07F4-427D-8F92-6C972F5C3025}.Debug|Any CPU.Build.0 = Debug|Any CPU
		{808B2B32-07F4-427D-8F92-6C972F5C3025}.Release|Any CPU.ActiveCfg = Release|Any CPU
		{808B2B32-07F4-427D-8F92-6C972F5C3025}.Release|Any CPU.Build.0 = Release|Any CPU
		{02E38383-F664-499C-B824-733EB0C93C7C}.Debug|Any CPU.ActiveCfg = Debug|Any CPU
		{02E38383-F664-499C-B824-733EB0C93C7C}.Debug|Any CPU.Build.0 = Debug|Any CPU
		{02E38383-F664-499C-B824-733EB0C93C7C}.Release|Any CPU.ActiveCfg = Release|Any CPU
		{02E38383-F664-499C-B824-733EB0C93C7C}.Release|Any CPU.Build.0 = Release|Any CPU
		{847DC40A-7ACF-4549-8EDC-CCA62AEB0E34}.Debug|Any CPU.ActiveCfg = Debug|Any CPU
		{847DC40A-7ACF-4549-8EDC-CCA62AEB0E34}.Debug|Any CPU.Build.0 = Debug|Any CPU
		{847DC40A-7ACF-4549-8EDC-CCA62AEB0E34}.Release|Any CPU.ActiveCfg = Release|Any CPU
		{847DC40A-7ACF-4549-8EDC-CCA62AEB0E34}.Release|Any CPU.Build.0 = Release|Any CPU
		{5D7C81BB-B760-4FDC-B0BA-892D8DC2297D}.Debug|Any CPU.ActiveCfg = Debug|Any CPU
		{5D7C81BB-B760-4FDC-B0BA-892D8DC2297D}.Debug|Any CPU.Build.0 = Debug|Any CPU
		{5D7C81BB-B760-4FDC-B0BA-892D8DC2297D}.Release|Any CPU.ActiveCfg = Release|Any CPU
		{5D7C81BB-B760-4FDC-B0BA-892D8DC2297D}.Release|Any CPU.Build.0 = Release|Any CPU
	EndGlobalSection
	GlobalSection(SolutionProperties) = preSolution
		HideSolutionNode = FALSE
	EndGlobalSection
	GlobalSection(NestedProjects) = preSolution
		{8E42B0BE-CF26-4A5F-92FD-62F22E2F73BC} = {57A1012C-38F2-461D-B1AB-B3121E06A87F}
		{1786F110-825A-44B6-B4E1-858DE5D01141} = {8D09C2EC-7C73-4565-A6AD-BFFEB6C60D83}
		{527F365B-61E1-4199-86BE-6A30AE5A20B5} = {8D09C2EC-7C73-4565-A6AD-BFFEB6C60D83}
		{CB51594B-70AD-4A71-A8DE-8F72F65BFD0B} = {8D09C2EC-7C73-4565-A6AD-BFFEB6C60D83}
		{5D29C16C-6309-4C79-A963-C2DE2683155B} = {E5AF9B17-4562-4082-B6EA-C41F9FC90500}
		{A8EDA438-EA5E-4F17-BFBA-B00A81D25A57} = {E5AF9B17-4562-4082-B6EA-C41F9FC90500}
		{D7470B34-1C82-431C-BD72-B4A1B442C91D} = {E5AF9B17-4562-4082-B6EA-C41F9FC90500}
		{E801C4F8-6F04-4C3C-B8C0-EE30402E2EF7} = {E5AF9B17-4562-4082-B6EA-C41F9FC90500}
		{808B2B32-07F4-427D-8F92-6C972F5C3025} = {E5AF9B17-4562-4082-B6EA-C41F9FC90500}
		{02E38383-F664-499C-B824-733EB0C93C7C} = {E5AF9B17-4562-4082-B6EA-C41F9FC90500}
		{847DC40A-7ACF-4549-8EDC-CCA62AEB0E34} = {21305442-94DE-4C3E-A7CC-122DD0ECF12F}
		{5D7C81BB-B760-4FDC-B0BA-892D8DC2297D} = {C902061E-5369-45E0-B119-D09918725F1B}
	EndGlobalSection
	GlobalSection(ExtensibilityGlobals) = postSolution
		SolutionGuid = {8E3D91C3-1CC5-487C-9B89-03389ADF67AC}
	EndGlobalSection
EndGlobal
